// !$*UTF8*$!
{
	archiveVersion = 1;
	classes = {
	};
	objectVersion = 56;
	objects = {

/* Begin PBXBuildFile section */
		4F02E3A42A5529DC001D9A7A /* ContentView.swift in Sources */ = {isa = PBXBuildFile; fileRef = 4F02E3A32A5529DC001D9A7A /* ContentView.swift */; };
		4F02E3A92A55593B001D9A7A /* ProfileView.swift in Sources */ = {isa = PBXBuildFile; fileRef = 4F02E3A82A55593B001D9A7A /* ProfileView.swift */; };
		4F2F02BE2A459A8400DCDFD1 /* WelcomPageView.swift in Sources */ = {isa = PBXBuildFile; fileRef = 4F2F02BD2A459A8400DCDFD1 /* WelcomPageView.swift */; };
		4F4FDC8F2A49F51700ABCB52 /* AudioRecorderModel.swift in Sources */ = {isa = PBXBuildFile; fileRef = 4F4FDC8E2A49F51700ABCB52 /* AudioRecorderModel.swift */; };
		4F4FDC912A49F5CC00ABCB52 /* AudioPlayerModel.swift in Sources */ = {isa = PBXBuildFile; fileRef = 4F4FDC902A49F5CC00ABCB52 /* AudioPlayerModel.swift */; };
		4F4FDC942A49F98800ABCB52 /* AVFoundation.framework in Frameworks */ = {isa = PBXBuildFile; fileRef = 4F4FDC932A49F98800ABCB52 /* AVFoundation.framework */; };
		4F4FDC962A49F99E00ABCB52 /* Combine.framework in Frameworks */ = {isa = PBXBuildFile; fileRef = 4F4FDC952A49F99E00ABCB52 /* Combine.framework */; };
		4F4FDC982A49FB8100ABCB52 /* ExtensionDate.swift in Sources */ = {isa = PBXBuildFile; fileRef = 4F4FDC972A49FB8100ABCB52 /* ExtensionDate.swift */; };
		4F4FDC9E2A4A00CC00ABCB52 /* AppTabView.swift in Sources */ = {isa = PBXBuildFile; fileRef = 4F4FDC9D2A4A00CC00ABCB52 /* AppTabView.swift */; };
		4F4FDCA92A4ADC6000ABCB52 /* RegistrationView.swift in Sources */ = {isa = PBXBuildFile; fileRef = 4F4FDCA82A4ADC6000ABCB52 /* RegistrationView.swift */; };
		4F4FDCAB2A4ADC6F00ABCB52 /* AuthorizationView.swift in Sources */ = {isa = PBXBuildFile; fileRef = 4F4FDCAA2A4ADC6F00ABCB52 /* AuthorizationView.swift */; };
		4F6AC7BD2A6FDBFB00358139 /* ConvertingView.swift in Sources */ = {isa = PBXBuildFile; fileRef = 4F6AC7BC2A6FDBFB00358139 /* ConvertingView.swift */; };
		4F6AC7C12A6FDCFB00358139 /* ConvertedSoundsView.swift in Sources */ = {isa = PBXBuildFile; fileRef = 4F6AC7C02A6FDCFB00358139 /* ConvertedSoundsView.swift */; };
		4F6AC7C42A6FDD6200358139 /* PDFShowView.swift in Sources */ = {isa = PBXBuildFile; fileRef = 4F6AC7C32A6FDD6200358139 /* PDFShowView.swift */; };
		4F6AC7C62A6FDD9A00358139 /* PDFPicker .swift in Sources */ = {isa = PBXBuildFile; fileRef = 4F6AC7C52A6FDD9900358139 /* PDFPicker .swift */; };
		4F6AC7C82A6FDDD100358139 /* LoadingView.swift in Sources */ = {isa = PBXBuildFile; fileRef = 4F6AC7C72A6FDDD100358139 /* LoadingView.swift */; };
		4F6AC7CA2A6FDE1C00358139 /* VoiceRecordingView.swift in Sources */ = {isa = PBXBuildFile; fileRef = 4F6AC7C92A6FDE1C00358139 /* VoiceRecordingView.swift */; };
		4F6AC7CC2A6FDE5500358139 /* PDFComponent.swift in Sources */ = {isa = PBXBuildFile; fileRef = 4F6AC7CB2A6FDE5500358139 /* PDFComponent.swift */; };
		4F6AC7D22A72297000358139 /* DSWaveformImage in Frameworks */ = {isa = PBXBuildFile; productRef = 4F6AC7D12A72297000358139 /* DSWaveformImage */; };
		4F6AC7D42A72297000358139 /* DSWaveformImageViews in Frameworks */ = {isa = PBXBuildFile; productRef = 4F6AC7D32A72297000358139 /* DSWaveformImageViews */; };
		4F6AC7F52A727E8800358139 /* AudioWavesView.swift in Sources */ = {isa = PBXBuildFile; fileRef = 4F6AC7F42A727E8800358139 /* AudioWavesView.swift */; };
		4F6AC7F72A727EB900358139 /* AudioPlayModel.swift in Sources */ = {isa = PBXBuildFile; fileRef = 4F6AC7F62A727EB900358139 /* AudioPlayModel.swift */; };
		4F6D852F2A5D5A2B0060F0A9 /* ColorExtension.swift in Sources */ = {isa = PBXBuildFile; fileRef = 4F6D852E2A5D5A2B0060F0A9 /* ColorExtension.swift */; };
		4F70D8562A6E9B0D0062FE4B /* PDFKit.framework in Frameworks */ = {isa = PBXBuildFile; fileRef = 4F70D8552A6E9B0D0062FE4B /* PDFKit.framework */; };
		4F8E62342A4479EA00E21B63 /* auenApp.swift in Sources */ = {isa = PBXBuildFile; fileRef = 4F8E62332A4479EA00E21B63 /* auenApp.swift */; };
		4F8E62382A4479EB00E21B63 /* Assets.xcassets in Resources */ = {isa = PBXBuildFile; fileRef = 4F8E62372A4479EB00E21B63 /* Assets.xcassets */; };
		4F8E623B2A4479EB00E21B63 /* Preview Assets.xcassets in Resources */ = {isa = PBXBuildFile; fileRef = 4F8E623A2A4479EB00E21B63 /* Preview Assets.xcassets */; };
		4FD360542A6CEA47003DCB01 /* AudioKit in Frameworks */ = {isa = PBXBuildFile; productRef = 4FD360532A6CEA47003DCB01 /* AudioKit */; };
		4FD3605C2A6CFEF9003DCB01 /* OnboardingView.swift in Sources */ = {isa = PBXBuildFile; fileRef = 4FD3605B2A6CFEF9003DCB01 /* OnboardingView.swift */; };
		4FD889702A549649002325E0 /* AuthModel.swift in Sources */ = {isa = PBXBuildFile; fileRef = 4FD8896F2A549649002325E0 /* AuthModel.swift */; };
		4FD889742A54990D002325E0 /* UserModel.swift in Sources */ = {isa = PBXBuildFile; fileRef = 4FD889732A54990D002325E0 /* UserModel.swift */; };
		4FD889762A54A0C6002325E0 /* GoogleService-Info.plist in Resources */ = {isa = PBXBuildFile; fileRef = 4FD889752A54A0C6002325E0 /* GoogleService-Info.plist */; };
		4FD889792A54A236002325E0 /* FirebaseAuth in Frameworks */ = {isa = PBXBuildFile; productRef = 4FD889782A54A236002325E0 /* FirebaseAuth */; };
		4FD8897B2A54A236002325E0 /* FirebaseDatabase in Frameworks */ = {isa = PBXBuildFile; productRef = 4FD8897A2A54A236002325E0 /* FirebaseDatabase */; };
		4FD8897D2A54A236002325E0 /* FirebaseFirestore in Frameworks */ = {isa = PBXBuildFile; productRef = 4FD8897C2A54A236002325E0 /* FirebaseFirestore */; };
		4FD8897F2A54A236002325E0 /* FirebaseFirestoreSwift in Frameworks */ = {isa = PBXBuildFile; productRef = 4FD8897E2A54A236002325E0 /* FirebaseFirestoreSwift */; };
		4FD889812A54A236002325E0 /* FirebaseStorage in Frameworks */ = {isa = PBXBuildFile; productRef = 4FD889802A54A236002325E0 /* FirebaseStorage */; };
/* End PBXBuildFile section */

/* Begin PBXFileReference section */
		4F02E3A32A5529DC001D9A7A /* ContentView.swift */ = {isa = PBXFileReference; lastKnownFileType = sourcecode.swift; path = ContentView.swift; sourceTree = "<group>"; };
		4F02E3A82A55593B001D9A7A /* ProfileView.swift */ = {isa = PBXFileReference; lastKnownFileType = sourcecode.swift; path = ProfileView.swift; sourceTree = "<group>"; };
		4F2F02BD2A459A8400DCDFD1 /* WelcomPageView.swift */ = {isa = PBXFileReference; lastKnownFileType = sourcecode.swift; path = WelcomPageView.swift; sourceTree = "<group>"; };
		4F4FDC8E2A49F51700ABCB52 /* AudioRecorderModel.swift */ = {isa = PBXFileReference; lastKnownFileType = sourcecode.swift; path = AudioRecorderModel.swift; sourceTree = "<group>"; };
		4F4FDC902A49F5CC00ABCB52 /* AudioPlayerModel.swift */ = {isa = PBXFileReference; lastKnownFileType = sourcecode.swift; path = AudioPlayerModel.swift; sourceTree = "<group>"; };
		4F4FDC932A49F98800ABCB52 /* AVFoundation.framework */ = {isa = PBXFileReference; lastKnownFileType = wrapper.framework; name = AVFoundation.framework; path = System/Library/Frameworks/AVFoundation.framework; sourceTree = SDKROOT; };
		4F4FDC952A49F99E00ABCB52 /* Combine.framework */ = {isa = PBXFileReference; lastKnownFileType = wrapper.framework; name = Combine.framework; path = System/Library/Frameworks/Combine.framework; sourceTree = SDKROOT; };
		4F4FDC972A49FB8100ABCB52 /* ExtensionDate.swift */ = {isa = PBXFileReference; lastKnownFileType = sourcecode.swift; path = ExtensionDate.swift; sourceTree = "<group>"; };
		4F4FDC9D2A4A00CC00ABCB52 /* AppTabView.swift */ = {isa = PBXFileReference; lastKnownFileType = sourcecode.swift; path = AppTabView.swift; sourceTree = "<group>"; };
		4F4FDCA82A4ADC6000ABCB52 /* RegistrationView.swift */ = {isa = PBXFileReference; lastKnownFileType = sourcecode.swift; path = RegistrationView.swift; sourceTree = "<group>"; };
		4F4FDCAA2A4ADC6F00ABCB52 /* AuthorizationView.swift */ = {isa = PBXFileReference; lastKnownFileType = sourcecode.swift; path = AuthorizationView.swift; sourceTree = "<group>"; };
		4F6AC7BC2A6FDBFB00358139 /* ConvertingView.swift */ = {isa = PBXFileReference; fileEncoding = 4; lastKnownFileType = sourcecode.swift; name = ConvertingView.swift; path = "../../../../first version copy/auen/Views/MainViews/VoiceConverting/ConvertingView.swift"; sourceTree = "<group>"; };
		4F6AC7C02A6FDCFB00358139 /* ConvertedSoundsView.swift */ = {isa = PBXFileReference; fileEncoding = 4; lastKnownFileType = sourcecode.swift; path = ConvertedSoundsView.swift; sourceTree = "<group>"; };
		4F6AC7C32A6FDD6200358139 /* PDFShowView.swift */ = {isa = PBXFileReference; lastKnownFileType = sourcecode.swift; path = PDFShowView.swift; sourceTree = "<group>"; };
		4F6AC7C52A6FDD9900358139 /* PDFPicker .swift */ = {isa = PBXFileReference; fileEncoding = 4; lastKnownFileType = sourcecode.swift; path = "PDFPicker .swift"; sourceTree = "<group>"; };
		4F6AC7C72A6FDDD100358139 /* LoadingView.swift */ = {isa = PBXFileReference; fileEncoding = 4; lastKnownFileType = sourcecode.swift; path = LoadingView.swift; sourceTree = "<group>"; };
		4F6AC7C92A6FDE1C00358139 /* VoiceRecordingView.swift */ = {isa = PBXFileReference; fileEncoding = 4; lastKnownFileType = sourcecode.swift; path = VoiceRecordingView.swift; sourceTree = "<group>"; };
		4F6AC7CB2A6FDE5500358139 /* PDFComponent.swift */ = {isa = PBXFileReference; fileEncoding = 4; lastKnownFileType = sourcecode.swift; path = PDFComponent.swift; sourceTree = "<group>"; };
		4F6AC7F42A727E8800358139 /* AudioWavesView.swift */ = {isa = PBXFileReference; lastKnownFileType = sourcecode.swift; path = AudioWavesView.swift; sourceTree = "<group>"; };
		4F6AC7F62A727EB900358139 /* AudioPlayModel.swift */ = {isa = PBXFileReference; lastKnownFileType = sourcecode.swift; path = AudioPlayModel.swift; sourceTree = "<group>"; };
		4F6D852E2A5D5A2B0060F0A9 /* ColorExtension.swift */ = {isa = PBXFileReference; lastKnownFileType = sourcecode.swift; path = ColorExtension.swift; sourceTree = "<group>"; };
		4F70D8552A6E9B0D0062FE4B /* PDFKit.framework */ = {isa = PBXFileReference; lastKnownFileType = wrapper.framework; name = PDFKit.framework; path = System/Library/Frameworks/PDFKit.framework; sourceTree = SDKROOT; };
		4F8E62302A4479EA00E21B63 /* auen.app */ = {isa = PBXFileReference; explicitFileType = wrapper.application; includeInIndex = 0; path = auen.app; sourceTree = BUILT_PRODUCTS_DIR; };
		4F8E62332A4479EA00E21B63 /* auenApp.swift */ = {isa = PBXFileReference; lastKnownFileType = sourcecode.swift; path = auenApp.swift; sourceTree = "<group>"; };
		4F8E62372A4479EB00E21B63 /* Assets.xcassets */ = {isa = PBXFileReference; lastKnownFileType = folder.assetcatalog; path = Assets.xcassets; sourceTree = "<group>"; };
		4F8E623A2A4479EB00E21B63 /* Preview Assets.xcassets */ = {isa = PBXFileReference; lastKnownFileType = folder.assetcatalog; path = "Preview Assets.xcassets"; sourceTree = "<group>"; };
		4FD3605B2A6CFEF9003DCB01 /* OnboardingView.swift */ = {isa = PBXFileReference; lastKnownFileType = sourcecode.swift; path = OnboardingView.swift; sourceTree = "<group>"; };
		4FD8896F2A549649002325E0 /* AuthModel.swift */ = {isa = PBXFileReference; lastKnownFileType = sourcecode.swift; path = AuthModel.swift; sourceTree = "<group>"; };
		4FD889732A54990D002325E0 /* UserModel.swift */ = {isa = PBXFileReference; lastKnownFileType = sourcecode.swift; path = UserModel.swift; sourceTree = "<group>"; };
		4FD889752A54A0C6002325E0 /* GoogleService-Info.plist */ = {isa = PBXFileReference; fileEncoding = 4; lastKnownFileType = text.plist.xml; path = "GoogleService-Info.plist"; sourceTree = "<group>"; };
/* End PBXFileReference section */

/* Begin PBXFrameworksBuildPhase section */
		4F8E622D2A4479EA00E21B63 /* Frameworks */ = {
			isa = PBXFrameworksBuildPhase;
			buildActionMask = 2147483647;
			files = (
				4F6AC7D42A72297000358139 /* DSWaveformImageViews in Frameworks */,
				4F4FDC962A49F99E00ABCB52 /* Combine.framework in Frameworks */,
				4FD889792A54A236002325E0 /* FirebaseAuth in Frameworks */,
				4FD360542A6CEA47003DCB01 /* AudioKit in Frameworks */,
				4FD8897B2A54A236002325E0 /* FirebaseDatabase in Frameworks */,
				4F6AC7D22A72297000358139 /* DSWaveformImage in Frameworks */,
				4F70D8562A6E9B0D0062FE4B /* PDFKit.framework in Frameworks */,
				4FD8897D2A54A236002325E0 /* FirebaseFirestore in Frameworks */,
				4FD889812A54A236002325E0 /* FirebaseStorage in Frameworks */,
				4F4FDC942A49F98800ABCB52 /* AVFoundation.framework in Frameworks */,
				4FD8897F2A54A236002325E0 /* FirebaseFirestoreSwift in Frameworks */,
			);
			runOnlyForDeploymentPostprocessing = 0;
		};
/* End PBXFrameworksBuildPhase section */

/* Begin PBXGroup section */
		4F02E3A72A555922001D9A7A /* Profile */ = {
			isa = PBXGroup;
			children = (
				4F02E3A82A55593B001D9A7A /* ProfileView.swift */,
			);
			path = Profile;
			sourceTree = "<group>";
		};
		4F2F02BB2A459A6100DCDFD1 /* Views */ = {
			isa = PBXGroup;
			children = (
				4FD3605A2A6CFED2003DCB01 /* Onboardings */,
				4F02E3A72A555922001D9A7A /* Profile */,
				4F2F02C02A45A4B800DCDFD1 /* MainViews */,
				4F2F02BF2A45A4B200DCDFD1 /* Auth */,
				4F2F02BC2A459A7000DCDFD1 /* WelcomePages */,
				4F4FDC9D2A4A00CC00ABCB52 /* AppTabView.swift */,
			);
			path = Views;
			sourceTree = "<group>";
		};
		4F2F02BC2A459A7000DCDFD1 /* WelcomePages */ = {
			isa = PBXGroup;
			children = (
				4F2F02BD2A459A8400DCDFD1 /* WelcomPageView.swift */,
				4F02E3A32A5529DC001D9A7A /* ContentView.swift */,
			);
			path = WelcomePages;
			sourceTree = "<group>";
		};
		4F2F02BF2A45A4B200DCDFD1 /* Auth */ = {
			isa = PBXGroup;
			children = (
				4F4FDCA82A4ADC6000ABCB52 /* RegistrationView.swift */,
				4F4FDCAA2A4ADC6F00ABCB52 /* AuthorizationView.swift */,
			);
			path = Auth;
			sourceTree = "<group>";
		};
		4F2F02C02A45A4B800DCDFD1 /* MainViews */ = {
			isa = PBXGroup;
			children = (
				4F6AC7CD2A7225DC00358139 /* AudioWaves */,
				4F6AC7C22A6FDD4100358139 /* PDFHandling */,
				4F6AC7C02A6FDCFB00358139 /* ConvertedSoundsView.swift */,
				4F6AC7C72A6FDDD100358139 /* LoadingView.swift */,
				4F6AC7C92A6FDE1C00358139 /* VoiceRecordingView.swift */,
				4F6AC7BC2A6FDBFB00358139 /* ConvertingView.swift */,
			);
			path = MainViews;
			sourceTree = "<group>";
		};
		4F4FDC8D2A49E4AC00ABCB52 /* Models */ = {
			isa = PBXGroup;
			children = (
				4F4FDC8E2A49F51700ABCB52 /* AudioRecorderModel.swift */,
				4F4FDC902A49F5CC00ABCB52 /* AudioPlayerModel.swift */,
				4F4FDC972A49FB8100ABCB52 /* ExtensionDate.swift */,
				4FD8896F2A549649002325E0 /* AuthModel.swift */,
				4FD889732A54990D002325E0 /* UserModel.swift */,
			);
			path = Models;
			sourceTree = "<group>";
		};
		4F4FDC922A49F98800ABCB52 /* Frameworks */ = {
			isa = PBXGroup;
			children = (
				4F70D8552A6E9B0D0062FE4B /* PDFKit.framework */,
				4F4FDC952A49F99E00ABCB52 /* Combine.framework */,
				4F4FDC932A49F98800ABCB52 /* AVFoundation.framework */,
			);
			name = Frameworks;
			sourceTree = "<group>";
		};
		4F6AC7C22A6FDD4100358139 /* PDFHandling */ = {
			isa = PBXGroup;
			children = (
				4F6AC7C52A6FDD9900358139 /* PDFPicker .swift */,
				4F6AC7CB2A6FDE5500358139 /* PDFComponent.swift */,
				4F6AC7C32A6FDD6200358139 /* PDFShowView.swift */,
			);
			path = PDFHandling;
			sourceTree = "<group>";
		};
		4F6AC7CD2A7225DC00358139 /* AudioWaves */ = {
			isa = PBXGroup;
			children = (
				4F6AC7F42A727E8800358139 /* AudioWavesView.swift */,
				4F6AC7F62A727EB900358139 /* AudioPlayModel.swift */,
			);
			path = AudioWaves;
			sourceTree = "<group>";
		};
		4F6D852D2A5D5A170060F0A9 /* Extensions */ = {
			isa = PBXGroup;
			children = (
				4F6D852E2A5D5A2B0060F0A9 /* ColorExtension.swift */,
			);
			path = Extensions;
			sourceTree = "<group>";
		};
		4F8E62272A4479EA00E21B63 = {
			isa = PBXGroup;
			children = (
				4F8E62322A4479EA00E21B63 /* auen */,
				4F8E62312A4479EA00E21B63 /* Products */,
				4F4FDC922A49F98800ABCB52 /* Frameworks */,
			);
			sourceTree = "<group>";
		};
		4F8E62312A4479EA00E21B63 /* Products */ = {
			isa = PBXGroup;
			children = (
				4F8E62302A4479EA00E21B63 /* auen.app */,
			);
			name = Products;
			sourceTree = "<group>";
		};
		4F8E62322A4479EA00E21B63 /* auen */ = {
			isa = PBXGroup;
			children = (
				4F6D852D2A5D5A170060F0A9 /* Extensions */,
				4F4FDC8D2A49E4AC00ABCB52 /* Models */,
				4F2F02BB2A459A6100DCDFD1 /* Views */,
				4F8E62332A4479EA00E21B63 /* auenApp.swift */,
				4F8E62372A4479EB00E21B63 /* Assets.xcassets */,
				4FD889752A54A0C6002325E0 /* GoogleService-Info.plist */,
				4F8E62392A4479EB00E21B63 /* Preview Content */,
			);
			path = auen;
			sourceTree = "<group>";
		};
		4F8E62392A4479EB00E21B63 /* Preview Content */ = {
			isa = PBXGroup;
			children = (
				4F8E623A2A4479EB00E21B63 /* Preview Assets.xcassets */,
			);
			path = "Preview Content";
			sourceTree = "<group>";
		};
		4FD3605A2A6CFED2003DCB01 /* Onboardings */ = {
			isa = PBXGroup;
			children = (
				4FD3605B2A6CFEF9003DCB01 /* OnboardingView.swift */,
			);
			path = Onboardings;
			sourceTree = "<group>";
		};
/* End PBXGroup section */

/* Begin PBXNativeTarget section */
		4F8E622F2A4479EA00E21B63 /* auen */ = {
			isa = PBXNativeTarget;
			buildConfigurationList = 4F8E62432A4479EB00E21B63 /* Build configuration list for PBXNativeTarget "auen" */;
			buildPhases = (
				4F8E622C2A4479EA00E21B63 /* Sources */,
				4F8E622D2A4479EA00E21B63 /* Frameworks */,
				4F8E622E2A4479EA00E21B63 /* Resources */,
			);
			buildRules = (
			);
			dependencies = (
			);
			name = auen;
			packageProductDependencies = (
				4FD889782A54A236002325E0 /* FirebaseAuth */,
				4FD8897A2A54A236002325E0 /* FirebaseDatabase */,
				4FD8897C2A54A236002325E0 /* FirebaseFirestore */,
				4FD8897E2A54A236002325E0 /* FirebaseFirestoreSwift */,
				4FD889802A54A236002325E0 /* FirebaseStorage */,
				4FD360532A6CEA47003DCB01 /* AudioKit */,
				4F6AC7D12A72297000358139 /* DSWaveformImage */,
				4F6AC7D32A72297000358139 /* DSWaveformImageViews */,
			);
			productName = auen;
			productReference = 4F8E62302A4479EA00E21B63 /* auen.app */;
			productType = "com.apple.product-type.application";
		};
/* End PBXNativeTarget section */

/* Begin PBXProject section */
		4F8E62282A4479EA00E21B63 /* Project object */ = {
			isa = PBXProject;
			attributes = {
				BuildIndependentTargetsInParallel = 1;
				LastSwiftUpdateCheck = 1430;
				LastUpgradeCheck = 1430;
				TargetAttributes = {
					4F8E622F2A4479EA00E21B63 = {
						CreatedOnToolsVersion = 14.3.1;
					};
				};
			};
			buildConfigurationList = 4F8E622B2A4479EA00E21B63 /* Build configuration list for PBXProject "auen" */;
			compatibilityVersion = "Xcode 14.0";
			developmentRegion = en;
			hasScannedForEncodings = 0;
			knownRegions = (
				en,
				Base,
			);
			mainGroup = 4F8E62272A4479EA00E21B63;
			packageReferences = (
				4FD889772A54A236002325E0 /* XCRemoteSwiftPackageReference "firebase-ios-sdk" */,
				4FD360522A6CEA47003DCB01 /* XCRemoteSwiftPackageReference "AudioKit" */,
				4F6AC7D02A72297000358139 /* XCRemoteSwiftPackageReference "DSWaveformImage" */,
			);
			productRefGroup = 4F8E62312A4479EA00E21B63 /* Products */;
			projectDirPath = "";
			projectRoot = "";
			targets = (
				4F8E622F2A4479EA00E21B63 /* auen */,
			);
		};
/* End PBXProject section */

/* Begin PBXResourcesBuildPhase section */
		4F8E622E2A4479EA00E21B63 /* Resources */ = {
			isa = PBXResourcesBuildPhase;
			buildActionMask = 2147483647;
			files = (
				4F8E623B2A4479EB00E21B63 /* Preview Assets.xcassets in Resources */,
				4F8E62382A4479EB00E21B63 /* Assets.xcassets in Resources */,
				4FD889762A54A0C6002325E0 /* GoogleService-Info.plist in Resources */,
			);
			runOnlyForDeploymentPostprocessing = 0;
		};
/* End PBXResourcesBuildPhase section */

/* Begin PBXSourcesBuildPhase section */
		4F8E622C2A4479EA00E21B63 /* Sources */ = {
			isa = PBXSourcesBuildPhase;
			buildActionMask = 2147483647;
			files = (
				4F6AC7C12A6FDCFB00358139 /* ConvertedSoundsView.swift in Sources */,
				4F6AC7F72A727EB900358139 /* AudioPlayModel.swift in Sources */,
				4F4FDC912A49F5CC00ABCB52 /* AudioPlayerModel.swift in Sources */,
				4F4FDCA92A4ADC6000ABCB52 /* RegistrationView.swift in Sources */,
				4F8E62342A4479EA00E21B63 /* auenApp.swift in Sources */,
				4F6AC7CC2A6FDE5500358139 /* PDFComponent.swift in Sources */,
				4F4FDC8F2A49F51700ABCB52 /* AudioRecorderModel.swift in Sources */,
				4F6AC7F52A727E8800358139 /* AudioWavesView.swift in Sources */,
				4F6D852F2A5D5A2B0060F0A9 /* ColorExtension.swift in Sources */,
				4F6AC7CA2A6FDE1C00358139 /* VoiceRecordingView.swift in Sources */,
				4FD889742A54990D002325E0 /* UserModel.swift in Sources */,
				4F2F02BE2A459A8400DCDFD1 /* WelcomPageView.swift in Sources */,
				4F02E3A92A55593B001D9A7A /* ProfileView.swift in Sources */,
				4F4FDC982A49FB8100ABCB52 /* ExtensionDate.swift in Sources */,
				4F6AC7BD2A6FDBFB00358139 /* ConvertingView.swift in Sources */,
				4FD3605C2A6CFEF9003DCB01 /* OnboardingView.swift in Sources */,
				4F6AC7C42A6FDD6200358139 /* PDFShowView.swift in Sources */,
				4F6AC7C82A6FDDD100358139 /* LoadingView.swift in Sources */,
				4F6AC7C62A6FDD9A00358139 /* PDFPicker .swift in Sources */,
				4F02E3A42A5529DC001D9A7A /* ContentView.swift in Sources */,
				4FD889702A549649002325E0 /* AuthModel.swift in Sources */,
				4F4FDCAB2A4ADC6F00ABCB52 /* AuthorizationView.swift in Sources */,
				4F4FDC9E2A4A00CC00ABCB52 /* AppTabView.swift in Sources */,
			);
			runOnlyForDeploymentPostprocessing = 0;
		};
/* End PBXSourcesBuildPhase section */

/* Begin XCBuildConfiguration section */
		4F8E62412A4479EB00E21B63 /* Debug */ = {
			isa = XCBuildConfiguration;
			buildSettings = {
				ALWAYS_SEARCH_USER_PATHS = NO;
				CLANG_ANALYZER_NONNULL = YES;
				CLANG_ANALYZER_NUMBER_OBJECT_CONVERSION = YES_AGGRESSIVE;
				CLANG_CXX_LANGUAGE_STANDARD = "gnu++20";
				CLANG_ENABLE_MODULES = YES;
				CLANG_ENABLE_OBJC_ARC = YES;
				CLANG_ENABLE_OBJC_WEAK = YES;
				CLANG_WARN_BLOCK_CAPTURE_AUTORELEASING = YES;
				CLANG_WARN_BOOL_CONVERSION = YES;
				CLANG_WARN_COMMA = YES;
				CLANG_WARN_CONSTANT_CONVERSION = YES;
				CLANG_WARN_DEPRECATED_OBJC_IMPLEMENTATIONS = YES;
				CLANG_WARN_DIRECT_OBJC_ISA_USAGE = YES_ERROR;
				CLANG_WARN_DOCUMENTATION_COMMENTS = YES;
				CLANG_WARN_EMPTY_BODY = YES;
				CLANG_WARN_ENUM_CONVERSION = YES;
				CLANG_WARN_INFINITE_RECURSION = YES;
				CLANG_WARN_INT_CONVERSION = YES;
				CLANG_WARN_NON_LITERAL_NULL_CONVERSION = YES;
				CLANG_WARN_OBJC_IMPLICIT_RETAIN_SELF = YES;
				CLANG_WARN_OBJC_LITERAL_CONVERSION = YES;
				CLANG_WARN_OBJC_ROOT_CLASS = YES_ERROR;
				CLANG_WARN_QUOTED_INCLUDE_IN_FRAMEWORK_HEADER = YES;
				CLANG_WARN_RANGE_LOOP_ANALYSIS = YES;
				CLANG_WARN_STRICT_PROTOTYPES = YES;
				CLANG_WARN_SUSPICIOUS_MOVE = YES;
				CLANG_WARN_UNGUARDED_AVAILABILITY = YES_AGGRESSIVE;
				CLANG_WARN_UNREACHABLE_CODE = YES;
				CLANG_WARN__DUPLICATE_METHOD_MATCH = YES;
				COPY_PHASE_STRIP = NO;
				DEBUG_INFORMATION_FORMAT = dwarf;
				ENABLE_STRICT_OBJC_MSGSEND = YES;
				ENABLE_TESTABILITY = YES;
				GCC_C_LANGUAGE_STANDARD = gnu11;
				GCC_DYNAMIC_NO_PIC = NO;
				GCC_NO_COMMON_BLOCKS = YES;
				GCC_OPTIMIZATION_LEVEL = 0;
				GCC_PREPROCESSOR_DEFINITIONS = (
					"DEBUG=1",
					"$(inherited)",
				);
				GCC_WARN_64_TO_32_BIT_CONVERSION = YES;
				GCC_WARN_ABOUT_RETURN_TYPE = YES_ERROR;
				GCC_WARN_UNDECLARED_SELECTOR = YES;
				GCC_WARN_UNINITIALIZED_AUTOS = YES_AGGRESSIVE;
				GCC_WARN_UNUSED_FUNCTION = YES;
				GCC_WARN_UNUSED_VARIABLE = YES;
				IPHONEOS_DEPLOYMENT_TARGET = 16.4;
				MTL_ENABLE_DEBUG_INFO = INCLUDE_SOURCE;
				MTL_FAST_MATH = YES;
				ONLY_ACTIVE_ARCH = YES;
				SDKROOT = iphoneos;
				SWIFT_ACTIVE_COMPILATION_CONDITIONS = DEBUG;
				SWIFT_OPTIMIZATION_LEVEL = "-Onone";
			};
			name = Debug;
		};
		4F8E62422A4479EB00E21B63 /* Release */ = {
			isa = XCBuildConfiguration;
			buildSettings = {
				ALWAYS_SEARCH_USER_PATHS = NO;
				CLANG_ANALYZER_NONNULL = YES;
				CLANG_ANALYZER_NUMBER_OBJECT_CONVERSION = YES_AGGRESSIVE;
				CLANG_CXX_LANGUAGE_STANDARD = "gnu++20";
				CLANG_ENABLE_MODULES = YES;
				CLANG_ENABLE_OBJC_ARC = YES;
				CLANG_ENABLE_OBJC_WEAK = YES;
				CLANG_WARN_BLOCK_CAPTURE_AUTORELEASING = YES;
				CLANG_WARN_BOOL_CONVERSION = YES;
				CLANG_WARN_COMMA = YES;
				CLANG_WARN_CONSTANT_CONVERSION = YES;
				CLANG_WARN_DEPRECATED_OBJC_IMPLEMENTATIONS = YES;
				CLANG_WARN_DIRECT_OBJC_ISA_USAGE = YES_ERROR;
				CLANG_WARN_DOCUMENTATION_COMMENTS = YES;
				CLANG_WARN_EMPTY_BODY = YES;
				CLANG_WARN_ENUM_CONVERSION = YES;
				CLANG_WARN_INFINITE_RECURSION = YES;
				CLANG_WARN_INT_CONVERSION = YES;
				CLANG_WARN_NON_LITERAL_NULL_CONVERSION = YES;
				CLANG_WARN_OBJC_IMPLICIT_RETAIN_SELF = YES;
				CLANG_WARN_OBJC_LITERAL_CONVERSION = YES;
				CLANG_WARN_OBJC_ROOT_CLASS = YES_ERROR;
				CLANG_WARN_QUOTED_INCLUDE_IN_FRAMEWORK_HEADER = YES;
				CLANG_WARN_RANGE_LOOP_ANALYSIS = YES;
				CLANG_WARN_STRICT_PROTOTYPES = YES;
				CLANG_WARN_SUSPICIOUS_MOVE = YES;
				CLANG_WARN_UNGUARDED_AVAILABILITY = YES_AGGRESSIVE;
				CLANG_WARN_UNREACHABLE_CODE = YES;
				CLANG_WARN__DUPLICATE_METHOD_MATCH = YES;
				COPY_PHASE_STRIP = NO;
				DEBUG_INFORMATION_FORMAT = "dwarf-with-dsym";
				ENABLE_NS_ASSERTIONS = NO;
				ENABLE_STRICT_OBJC_MSGSEND = YES;
				GCC_C_LANGUAGE_STANDARD = gnu11;
				GCC_NO_COMMON_BLOCKS = YES;
				GCC_WARN_64_TO_32_BIT_CONVERSION = YES;
				GCC_WARN_ABOUT_RETURN_TYPE = YES_ERROR;
				GCC_WARN_UNDECLARED_SELECTOR = YES;
				GCC_WARN_UNINITIALIZED_AUTOS = YES_AGGRESSIVE;
				GCC_WARN_UNUSED_FUNCTION = YES;
				GCC_WARN_UNUSED_VARIABLE = YES;
				IPHONEOS_DEPLOYMENT_TARGET = 16.4;
				MTL_ENABLE_DEBUG_INFO = NO;
				MTL_FAST_MATH = YES;
				SDKROOT = iphoneos;
				SWIFT_COMPILATION_MODE = wholemodule;
				SWIFT_OPTIMIZATION_LEVEL = "-O";
				VALIDATE_PRODUCT = YES;
			};
			name = Release;
		};
		4F8E62442A4479EB00E21B63 /* Debug */ = {
			isa = XCBuildConfiguration;
			buildSettings = {
				ASSETCATALOG_COMPILER_APPICON_NAME = AppIcon;
				ASSETCATALOG_COMPILER_GLOBAL_ACCENT_COLOR_NAME = AccentColor;
				CODE_SIGN_STYLE = Automatic;
				CURRENT_PROJECT_VERSION = 1;
				DEVELOPMENT_ASSET_PATHS = "\"auen/Preview Content\"";
				ENABLE_PREVIEWS = YES;
				GENERATE_INFOPLIST_FILE = YES;
				INFOPLIST_KEY_NSMicrophoneUsageDescription = "give acces to record";
				INFOPLIST_KEY_UIApplicationSceneManifest_Generation = YES;
				INFOPLIST_KEY_UIApplicationSupportsIndirectInputEvents = YES;
				INFOPLIST_KEY_UILaunchScreen_Generation = YES;
				INFOPLIST_KEY_UISupportedInterfaceOrientations_iPad = "UIInterfaceOrientationPortrait UIInterfaceOrientationPortraitUpsideDown UIInterfaceOrientationLandscapeLeft UIInterfaceOrientationLandscapeRight";
				INFOPLIST_KEY_UISupportedInterfaceOrientations_iPhone = "UIInterfaceOrientationPortrait UIInterfaceOrientationLandscapeLeft UIInterfaceOrientationLandscapeRight";
				LD_RUNPATH_SEARCH_PATHS = (
					"$(inherited)",
					"@executable_path/Frameworks",
				);
				MARKETING_VERSION = 1.0;
				PRODUCT_BUNDLE_IDENTIFIER = madina.amankeldinova.auen;
				PRODUCT_NAME = "$(TARGET_NAME)";
				SWIFT_EMIT_LOC_STRINGS = YES;
				SWIFT_VERSION = 5.0;
				TARGETED_DEVICE_FAMILY = "1,2";
			};
			name = Debug;
		};
		4F8E62452A4479EB00E21B63 /* Release */ = {
			isa = XCBuildConfiguration;
			buildSettings = {
				ASSETCATALOG_COMPILER_APPICON_NAME = AppIcon;
				ASSETCATALOG_COMPILER_GLOBAL_ACCENT_COLOR_NAME = AccentColor;
				CODE_SIGN_STYLE = Automatic;
				CURRENT_PROJECT_VERSION = 1;
				DEVELOPMENT_ASSET_PATHS = "\"auen/Preview Content\"";
				ENABLE_PREVIEWS = YES;
				GENERATE_INFOPLIST_FILE = YES;
				INFOPLIST_KEY_NSMicrophoneUsageDescription = "give acces to record";
				INFOPLIST_KEY_UIApplicationSceneManifest_Generation = YES;
				INFOPLIST_KEY_UIApplicationSupportsIndirectInputEvents = YES;
				INFOPLIST_KEY_UILaunchScreen_Generation = YES;
				INFOPLIST_KEY_UISupportedInterfaceOrientations_iPad = "UIInterfaceOrientationPortrait UIInterfaceOrientationPortraitUpsideDown UIInterfaceOrientationLandscapeLeft UIInterfaceOrientationLandscapeRight";
				INFOPLIST_KEY_UISupportedInterfaceOrientations_iPhone = "UIInterfaceOrientationPortrait UIInterfaceOrientationLandscapeLeft UIInterfaceOrientationLandscapeRight";
				LD_RUNPATH_SEARCH_PATHS = (
					"$(inherited)",
					"@executable_path/Frameworks",
				);
				MARKETING_VERSION = 1.0;
				PRODUCT_BUNDLE_IDENTIFIER = madina.amankeldinova.auen;
				PRODUCT_NAME = "$(TARGET_NAME)";
				SWIFT_EMIT_LOC_STRINGS = YES;
				SWIFT_VERSION = 5.0;
				TARGETED_DEVICE_FAMILY = "1,2";
			};
			name = Release;
		};
/* End XCBuildConfiguration section */

/* Begin XCConfigurationList section */
		4F8E622B2A4479EA00E21B63 /* Build configuration list for PBXProject "auen" */ = {
			isa = XCConfigurationList;
			buildConfigurations = (
				4F8E62412A4479EB00E21B63 /* Debug */,
				4F8E62422A4479EB00E21B63 /* Release */,
			);
			defaultConfigurationIsVisible = 0;
			defaultConfigurationName = Release;
		};
		4F8E62432A4479EB00E21B63 /* Build configuration list for PBXNativeTarget "auen" */ = {
			isa = XCConfigurationList;
			buildConfigurations = (
				4F8E62442A4479EB00E21B63 /* Debug */,
				4F8E62452A4479EB00E21B63 /* Release */,
			);
			defaultConfigurationIsVisible = 0;
			defaultConfigurationName = Release;
		};
/* End XCConfigurationList section */

/* Begin XCRemoteSwiftPackageReference section */
		4F6AC7D02A72297000358139 /* XCRemoteSwiftPackageReference "DSWaveformImage" */ = {
			isa = XCRemoteSwiftPackageReference;
			repositoryURL = "https://github.com/dmrschmidt/DSWaveformImage";
			requirement = {
				kind = upToNextMajorVersion;
				minimumVersion = 13.0.0;
			};
		};
		4FD360522A6CEA47003DCB01 /* XCRemoteSwiftPackageReference "AudioKit" */ = {
			isa = XCRemoteSwiftPackageReference;
			repositoryURL = "https://github.com/AudioKit/AudioKit.git";
			requirement = {
				kind = upToNextMajorVersion;
				minimumVersion = 5.0.0;
			};
		};
		4FD889772A54A236002325E0 /* XCRemoteSwiftPackageReference "firebase-ios-sdk" */ = {
			isa = XCRemoteSwiftPackageReference;
			repositoryURL = "https://github.com/firebase/firebase-ios-sdk";
			requirement = {
				kind = upToNextMajorVersion;
				minimumVersion = 10.0.0;
			};
		};
/* End XCRemoteSwiftPackageReference section */

/* Begin XCSwiftPackageProductDependency section */
		4F6AC7D12A72297000358139 /* DSWaveformImage */ = {
			isa = XCSwiftPackageProductDependency;
			package = 4F6AC7D02A72297000358139 /* XCRemoteSwiftPackageReference "DSWaveformImage" */;
			productName = DSWaveformImage;
		};
		4F6AC7D32A72297000358139 /* DSWaveformImageViews */ = {
			isa = XCSwiftPackageProductDependency;
			package = 4F6AC7D02A72297000358139 /* XCRemoteSwiftPackageReference "DSWaveformImage" */;
			productName = DSWaveformImageViews;
		};
		4FD360532A6CEA47003DCB01 /* AudioKit */ = {
			isa = XCSwiftPackageProductDependency;
			package = 4FD360522A6CEA47003DCB01 /* XCRemoteSwiftPackageReference "AudioKit" */;
			productName = AudioKit;
		};
		4FD889782A54A236002325E0 /* FirebaseAuth */ = {
			isa = XCSwiftPackageProductDependency;
			package = 4FD889772A54A236002325E0 /* XCRemoteSwiftPackageReference "firebase-ios-sdk" */;
			productName = FirebaseAuth;
		};
		4FD8897A2A54A236002325E0 /* FirebaseDatabase */ = {
			isa = XCSwiftPackageProductDependency;
			package = 4FD889772A54A236002325E0 /* XCRemoteSwiftPackageReference "firebase-ios-sdk" */;
			productName = FirebaseDatabase;
		};
		4FD8897C2A54A236002325E0 /* FirebaseFirestore */ = {
			isa = XCSwiftPackageProductDependency;
			package = 4FD889772A54A236002325E0 /* XCRemoteSwiftPackageReference "firebase-ios-sdk" */;
			productName = FirebaseFirestore;
		};
		4FD8897E2A54A236002325E0 /* FirebaseFirestoreSwift */ = {
			isa = XCSwiftPackageProductDependency;
			package = 4FD889772A54A236002325E0 /* XCRemoteSwiftPackageReference "firebase-ios-sdk" */;
			productName = FirebaseFirestoreSwift;
		};
		4FD889802A54A236002325E0 /* FirebaseStorage */ = {
			isa = XCSwiftPackageProductDependency;
			package = 4FD889772A54A236002325E0 /* XCRemoteSwiftPackageReference "firebase-ios-sdk" */;
			productName = FirebaseStorage;
		};
/* End XCSwiftPackageProductDependency section */
	};
	rootObject = 4F8E62282A4479EA00E21B63 /* Project object */;
}
